// !$*UTF8*$!
{
	archiveVersion = 1;
	classes = {
	};
	objectVersion = 46;
	objects = {

/* Begin PBXBuildFile section */
		4262F21D1951B8D000E57E0B /* Foundation.framework in Frameworks */ = {isa = PBXBuildFile; fileRef = 4262F21C1951B8D000E57E0B /* Foundation.framework */; };
		4262F21F1951B8D000E57E0B /* CoreGraphics.framework in Frameworks */ = {isa = PBXBuildFile; fileRef = 4262F21E1951B8D000E57E0B /* CoreGraphics.framework */; };
		4262F2211951B8D000E57E0B /* UIKit.framework in Frameworks */ = {isa = PBXBuildFile; fileRef = 4262F2201951B8D000E57E0B /* UIKit.framework */; };
		4262F2271951B8D000E57E0B /* InfoPlist.strings in Resources */ = {isa = PBXBuildFile; fileRef = 4262F2251951B8D000E57E0B /* InfoPlist.strings */; };
		4262F2291951B8D000E57E0B /* main.m in Sources */ = {isa = PBXBuildFile; fileRef = 4262F2281951B8D000E57E0B /* main.m */; };
		4262F22D1951B8D000E57E0B /* AppDelegate.m in Sources */ = {isa = PBXBuildFile; fileRef = 4262F22C1951B8D000E57E0B /* AppDelegate.m */; };
		4262F2301951B8D000E57E0B /* Main.storyboard in Resources */ = {isa = PBXBuildFile; fileRef = 4262F22E1951B8D000E57E0B /* Main.storyboard */; };
		4262F2331951B8D000E57E0B /* ViewController.m in Sources */ = {isa = PBXBuildFile; fileRef = 4262F2321951B8D000E57E0B /* ViewController.m */; };
		4262F2351951B8D000E57E0B /* Images.xcassets in Resources */ = {isa = PBXBuildFile; fileRef = 4262F2341951B8D000E57E0B /* Images.xcassets */; };
		4262F23C1951B8D000E57E0B /* XCTest.framework in Frameworks */ = {isa = PBXBuildFile; fileRef = 4262F23B1951B8D000E57E0B /* XCTest.framework */; };
		4262F23D1951B8D000E57E0B /* Foundation.framework in Frameworks */ = {isa = PBXBuildFile; fileRef = 4262F21C1951B8D000E57E0B /* Foundation.framework */; };
		4262F23E1951B8D000E57E0B /* UIKit.framework in Frameworks */ = {isa = PBXBuildFile; fileRef = 4262F2201951B8D000E57E0B /* UIKit.framework */; };
		4262F2461951B8D000E57E0B /* InfoPlist.strings in Resources */ = {isa = PBXBuildFile; fileRef = 4262F2441951B8D000E57E0B /* InfoPlist.strings */; };
		4262F2481951B8D000E57E0B /* JBCoundownLabelSampleProjectTests.m in Sources */ = {isa = PBXBuildFile; fileRef = 4262F2471951B8D000E57E0B /* JBCoundownLabelSampleProjectTests.m */; };
/* End PBXBuildFile section */

/* Begin PBXContainerItemProxy section */
		4262F23F1951B8D000E57E0B /* PBXContainerItemProxy */ = {
			isa = PBXContainerItemProxy;
			containerPortal = 4262F2111951B8D000E57E0B /* Project object */;
			proxyType = 1;
			remoteGlobalIDString = 4262F2181951B8D000E57E0B;
			remoteInfo = JBCoundownLabelSampleProject;
		};
/* End PBXContainerItemProxy section */

/* Begin PBXFileReference section */
		4262F2191951B8D000E57E0B /* JBCoundownLabelSampleProject.app */ = {isa = PBXFileReference; explicitFileType = wrapper.application; includeInIndex = 0; path = JBCoundownLabelSampleProject.app; sourceTree = BUILT_PRODUCTS_DIR; };
		4262F21C1951B8D000E57E0B /* Foundation.framework */ = {isa = PBXFileReference; lastKnownFileType = wrapper.framework; name = Foundation.framework; path = System/Library/Frameworks/Foundation.framework; sourceTree = SDKROOT; };
		4262F21E1951B8D000E57E0B /* CoreGraphics.framework */ = {isa = PBXFileReference; lastKnownFileType = wrapper.framework; name = CoreGraphics.framework; path = System/Library/Frameworks/CoreGraphics.framework; sourceTree = SDKROOT; };
		4262F2201951B8D000E57E0B /* UIKit.framework */ = {isa = PBXFileReference; lastKnownFileType = wrapper.framework; name = UIKit.framework; path = System/Library/Frameworks/UIKit.framework; sourceTree = SDKROOT; };
		4262F2241951B8D000E57E0B /* JBCoundownLabelSampleProject-Info.plist */ = {isa = PBXFileReference; lastKnownFileType = text.plist.xml; path = "JBCoundownLabelSampleProject-Info.plist"; sourceTree = "<group>"; };
		4262F2261951B8D000E57E0B /* en */ = {isa = PBXFileReference; lastKnownFileType = text.plist.strings; name = en; path = en.lproj/InfoPlist.strings; sourceTree = "<group>"; };
		4262F2281951B8D000E57E0B /* main.m */ = {isa = PBXFileReference; lastKnownFileType = sourcecode.c.objc; path = main.m; sourceTree = "<group>"; };
		4262F22A1951B8D000E57E0B /* JBCoundownLabelSampleProject-Prefix.pch */ = {isa = PBXFileReference; lastKnownFileType = sourcecode.c.h; path = "JBCoundownLabelSampleProject-Prefix.pch"; sourceTree = "<group>"; };
		4262F22B1951B8D000E57E0B /* AppDelegate.h */ = {isa = PBXFileReference; lastKnownFileType = sourcecode.c.h; path = AppDelegate.h; sourceTree = "<group>"; };
		4262F22C1951B8D000E57E0B /* AppDelegate.m */ = {isa = PBXFileReference; lastKnownFileType = sourcecode.c.objc; path = AppDelegate.m; sourceTree = "<group>"; };
		4262F22F1951B8D000E57E0B /* Base */ = {isa = PBXFileReference; lastKnownFileType = file.storyboard; name = Base; path = Base.lproj/Main.storyboard; sourceTree = "<group>"; };
		4262F2311951B8D000E57E0B /* ViewController.h */ = {isa = PBXFileReference; lastKnownFileType = sourcecode.c.h; path = ViewController.h; sourceTree = "<group>"; };
		4262F2321951B8D000E57E0B /* ViewController.m */ = {isa = PBXFileReference; lastKnownFileType = sourcecode.c.objc; path = ViewController.m; sourceTree = "<group>"; };
		4262F2341951B8D000E57E0B /* Images.xcassets */ = {isa = PBXFileReference; lastKnownFileType = folder.assetcatalog; path = Images.xcassets; sourceTree = "<group>"; };
		4262F23A1951B8D000E57E0B /* JBCoundownLabelSampleProjectTests.xctest */ = {isa = PBXFileReference; explicitFileType = wrapper.cfbundle; includeInIndex = 0; path = JBCoundownLabelSampleProjectTests.xctest; sourceTree = BUILT_PRODUCTS_DIR; };
		4262F23B1951B8D000E57E0B /* XCTest.framework */ = {isa = PBXFileReference; lastKnownFileType = wrapper.framework; name = XCTest.framework; path = Library/Frameworks/XCTest.framework; sourceTree = DEVELOPER_DIR; };
		4262F2431951B8D000E57E0B /* JBCoundownLabelSampleProjectTests-Info.plist */ = {isa = PBXFileReference; lastKnownFileType = text.plist.xml; path = "JBCoundownLabelSampleProjectTests-Info.plist"; sourceTree = "<group>"; };
		4262F2451951B8D000E57E0B /* en */ = {isa = PBXFileReference; lastKnownFileType = text.plist.strings; name = en; path = en.lproj/InfoPlist.strings; sourceTree = "<group>"; };
		4262F2471951B8D000E57E0B /* JBCoundownLabelSampleProjectTests.m */ = {isa = PBXFileReference; lastKnownFileType = sourcecode.c.objc; path = JBCoundownLabelSampleProjectTests.m; sourceTree = "<group>"; };
/* End PBXFileReference section */

/* Begin PBXFrameworksBuildPhase section */
		4262F2161951B8D000E57E0B /* Frameworks */ = {
			isa = PBXFrameworksBuildPhase;
			buildActionMask = 2147483647;
			files = (
				4262F21F1951B8D000E57E0B /* CoreGraphics.framework in Frameworks */,
				4262F2211951B8D000E57E0B /* UIKit.framework in Frameworks */,
				4262F21D1951B8D000E57E0B /* Foundation.framework in Frameworks */,
			);
			runOnlyForDeploymentPostprocessing = 0;
		};
		4262F2371951B8D000E57E0B /* Frameworks */ = {
			isa = PBXFrameworksBuildPhase;
			buildActionMask = 2147483647;
			files = (
				4262F23C1951B8D000E57E0B /* XCTest.framework in Frameworks */,
				4262F23E1951B8D000E57E0B /* UIKit.framework in Frameworks */,
				4262F23D1951B8D000E57E0B /* Foundation.framework in Frameworks */,
			);
			runOnlyForDeploymentPostprocessing = 0;
		};
/* End PBXFrameworksBuildPhase section */

/* Begin PBXGroup section */
		4262F2101951B8D000E57E0B = {
			isa = PBXGroup;
			children = (
				4262F2221951B8D000E57E0B /* JBCoundownLabelSampleProject */,
				4262F2411951B8D000E57E0B /* JBCoundownLabelSampleProjectTests */,
				4262F21B1951B8D000E57E0B /* Frameworks */,
				4262F21A1951B8D000E57E0B /* Products */,
			);
			sourceTree = "<group>";
		};
		4262F21A1951B8D000E57E0B /* Products */ = {
			isa = PBXGroup;
			children = (
				4262F2191951B8D000E57E0B /* JBCoundownLabelSampleProject.app */,
				4262F23A1951B8D000E57E0B /* JBCoundownLabelSampleProjectTests.xctest */,
			);
			name = Products;
			sourceTree = "<group>";
		};
		4262F21B1951B8D000E57E0B /* Frameworks */ = {
			isa = PBXGroup;
			children = (
				4262F21C1951B8D000E57E0B /* Foundation.framework */,
				4262F21E1951B8D000E57E0B /* CoreGraphics.framework */,
				4262F2201951B8D000E57E0B /* UIKit.framework */,
				4262F23B1951B8D000E57E0B /* XCTest.framework */,
			);
			name = Frameworks;
			sourceTree = "<group>";
		};
		4262F2221951B8D000E57E0B /* JBCoundownLabelSampleProject */ = {
			isa = PBXGroup;
			children = (
				4262F22B1951B8D000E57E0B /* AppDelegate.h */,
				4262F22C1951B8D000E57E0B /* AppDelegate.m */,
				4262F22E1951B8D000E57E0B /* Main.storyboard */,
				4262F2311951B8D000E57E0B /* ViewController.h */,
				4262F2321951B8D000E57E0B /* ViewController.m */,
				4262F2341951B8D000E57E0B /* Images.xcassets */,
				4262F2231951B8D000E57E0B /* Supporting Files */,
			);
			path = JBCoundownLabelSampleProject;
			sourceTree = "<group>";
		};
		4262F2231951B8D000E57E0B /* Supporting Files */ = {
			isa = PBXGroup;
			children = (
				4262F2241951B8D000E57E0B /* JBCoundownLabelSampleProject-Info.plist */,
				4262F2251951B8D000E57E0B /* InfoPlist.strings */,
				4262F2281951B8D000E57E0B /* main.m */,
				4262F22A1951B8D000E57E0B /* JBCoundownLabelSampleProject-Prefix.pch */,
			);
			name = "Supporting Files";
			sourceTree = "<group>";
		};
		4262F2411951B8D000E57E0B /* JBCoundownLabelSampleProjectTests */ = {
			isa = PBXGroup;
			children = (
				4262F2471951B8D000E57E0B /* JBCoundownLabelSampleProjectTests.m */,
				4262F2421951B8D000E57E0B /* Supporting Files */,
			);
			path = JBCoundownLabelSampleProjectTests;
			sourceTree = "<group>";
		};
		4262F2421951B8D000E57E0B /* Supporting Files */ = {
			isa = PBXGroup;
			children = (
				4262F2431951B8D000E57E0B /* JBCoundownLabelSampleProjectTests-Info.plist */,
				4262F2441951B8D000E57E0B /* InfoPlist.strings */,
			);
			name = "Supporting Files";
			sourceTree = "<group>";
		};
/* End PBXGroup section */

/* Begin PBXNativeTarget section */
		4262F2181951B8D000E57E0B /* JBCoundownLabelSampleProject */ = {
			isa = PBXNativeTarget;
			buildConfigurationList = 4262F24B1951B8D000E57E0B /* Build configuration list for PBXNativeTarget "JBCoundownLabelSampleProject" */;
			buildPhases = (
				4262F2151951B8D000E57E0B /* Sources */,
				4262F2161951B8D000E57E0B /* Frameworks */,
				4262F2171951B8D000E57E0B /* Resources */,
			);
			buildRules = (
			);
			dependencies = (
			);
			name = JBCoundownLabelSampleProject;
			productName = JBCoundownLabelSampleProject;
			productReference = 4262F2191951B8D000E57E0B /* JBCoundownLabelSampleProject.app */;
			productType = "com.apple.product-type.application";
		};
		4262F2391951B8D000E57E0B /* JBCoundownLabelSampleProjectTests */ = {
			isa = PBXNativeTarget;
			buildConfigurationList = 4262F24E1951B8D000E57E0B /* Build configuration list for PBXNativeTarget "JBCoundownLabelSampleProjectTests" */;
			buildPhases = (
				4262F2361951B8D000E57E0B /* Sources */,
				4262F2371951B8D000E57E0B /* Frameworks */,
				4262F2381951B8D000E57E0B /* Resources */,
			);
			buildRules = (
			);
			dependencies = (
				4262F2401951B8D000E57E0B /* PBXTargetDependency */,
			);
			name = JBCoundownLabelSampleProjectTests;
			productName = JBCoundownLabelSampleProjectTests;
			productReference = 4262F23A1951B8D000E57E0B /* JBCoundownLabelSampleProjectTests.xctest */;
			productType = "com.apple.product-type.bundle.unit-test";
		};
/* End PBXNativeTarget section */

/* Begin PBXProject section */
		4262F2111951B8D000E57E0B /* Project object */ = {
			isa = PBXProject;
			attributes = {
				LastUpgradeCheck = 0510;
				ORGANIZATIONNAME = "Javier Berlana";
				TargetAttributes = {
					4262F2391951B8D000E57E0B = {
						TestTargetID = 4262F2181951B8D000E57E0B;
					};
				};
			};
			buildConfigurationList = 4262F2141951B8D000E57E0B /* Build configuration list for PBXProject "JBCoundownLabelSampleProject" */;
			compatibilityVersion = "Xcode 3.2";
			developmentRegion = English;
			hasScannedForEncodings = 0;
			knownRegions = (
				en,
				Base,
			);
			mainGroup = 4262F2101951B8D000E57E0B;
			productRefGroup = 4262F21A1951B8D000E57E0B /* Products */;
			projectDirPath = "";
			projectRoot = "";
			targets = (
				4262F2181951B8D000E57E0B /* JBCoundownLabelSampleProject */,
				4262F2391951B8D000E57E0B /* JBCoundownLabelSampleProjectTests */,
			);
		};
/* End PBXProject section */

/* Begin PBXResourcesBuildPhase section */
		4262F2171951B8D000E57E0B /* Resources */ = {
			isa = PBXResourcesBuildPhase;
			buildActionMask = 2147483647;
			files = (
				4262F2351951B8D000E57E0B /* Images.xcassets in Resources */,
				4262F2271951B8D000E57E0B /* InfoPlist.strings in Resources */,
				4262F2301951B8D000E57E0B /* Main.storyboard in Resources */,
			);
			runOnlyForDeploymentPostprocessing = 0;
		};
		4262F2381951B8D000E57E0B /* Resources */ = {
			isa = PBXResourcesBuildPhase;
			buildActionMask = 2147483647;
			files = (
				4262F2461951B8D000E57E0B /* InfoPlist.strings in Resources */,
			);
			runOnlyForDeploymentPostprocessing = 0;
		};
/* End PBXResourcesBuildPhase section */

/* Begin PBXSourcesBuildPhase section */
		4262F2151951B8D000E57E0B /* Sources */ = {
			isa = PBXSourcesBuildPhase;
			buildActionMask = 2147483647;
			files = (
				4262F2331951B8D000E57E0B /* ViewController.m in Sources */,
				4262F22D1951B8D000E57E0B /* AppDelegate.m in Sources */,
				4262F2291951B8D000E57E0B /* main.m in Sources */,
			);
			runOnlyForDeploymentPostprocessing = 0;
		};
		4262F2361951B8D000E57E0B /* Sources */ = {
			isa = PBXSourcesBuildPhase;
			buildActionMask = 2147483647;
			files = (
				4262F2481951B8D000E57E0B /* JBCoundownLabelSampleProjectTests.m in Sources */,
			);
			runOnlyForDeploymentPostprocessing = 0;
		};
/* End PBXSourcesBuildPhase section */

/* Begin PBXTargetDependency section */
		4262F2401951B8D000E57E0B /* PBXTargetDependency */ = {
			isa = PBXTargetDependency;
			target = 4262F2181951B8D000E57E0B /* JBCoundownLabelSampleProject */;
			targetProxy = 4262F23F1951B8D000E57E0B /* PBXContainerItemProxy */;
		};
/* End PBXTargetDependency section */

/* Begin PBXVariantGroup section */
		4262F2251951B8D000E57E0B /* InfoPlist.strings */ = {
			isa = PBXVariantGroup;
			children = (
				4262F2261951B8D000E57E0B /* en */,
			);
			name = InfoPlist.strings;
			sourceTree = "<group>";
		};
		4262F22E1951B8D000E57E0B /* Main.storyboard */ = {
			isa = PBXVariantGroup;
			children = (
				4262F22F1951B8D000E57E0B /* Base */,
			);
			name = Main.storyboard;
			sourceTree = "<group>";
		};
		4262F2441951B8D000E57E0B /* InfoPlist.strings */ = {
			isa = PBXVariantGroup;
			children = (
				4262F2451951B8D000E57E0B /* en */,
			);
			name = InfoPlist.strings;
			sourceTree = "<group>";
		};
/* End PBXVariantGroup section */

/* Begin XCBuildConfiguration section */
		4262F2491951B8D000E57E0B /* Debug */ = {
			isa = XCBuildConfiguration;
			buildSettings = {
				ALWAYS_SEARCH_USER_PATHS = NO;
				CLANG_CXX_LANGUAGE_STANDARD = "gnu++0x";
				CLANG_CXX_LIBRARY = "libc++";
				CLANG_ENABLE_MODULES = YES;
				CLANG_ENABLE_OBJC_ARC = YES;
				CLANG_WARN_BOOL_CONVERSION = YES;
				CLANG_WARN_CONSTANT_CONVERSION = YES;
				CLANG_WARN_DIRECT_OBJC_ISA_USAGE = YES_ERROR;
				CLANG_WARN_EMPTY_BODY = YES;
				CLANG_WARN_ENUM_CONVERSION = YES;
				CLANG_WARN_INT_CONVERSION = YES;
				CLANG_WARN_OBJC_ROOT_CLASS = YES_ERROR;
				CLANG_WARN__DUPLICATE_METHOD_MATCH = YES;
				"CODE_SIGN_IDENTITY[sdk=iphoneos*]" = "iPhone Developer";
				COPY_PHASE_STRIP = NO;
				GCC_C_LANGUAGE_STANDARD = gnu99;
				GCC_DYNAMIC_NO_PIC = NO;
				GCC_OPTIMIZATION_LEVEL = 0;
				GCC_PREPROCESSOR_DEFINITIONS = (
					"DEBUG=1",
					"$(inherited)",
				);
				GCC_SYMBOLS_PRIVATE_EXTERN = NO;
				GCC_WARN_64_TO_32_BIT_CONVERSION = YES;
				GCC_WARN_ABOUT_RETURN_TYPE = YES_ERROR;
				GCC_WARN_UNDECLARED_SELECTOR = YES;
				GCC_WARN_UNINITIALIZED_AUTOS = YES_AGGRESSIVE;
				GCC_WARN_UNUSED_FUNCTION = YES;
				GCC_WARN_UNUSED_VARIABLE = YES;
				IPHONEOS_DEPLOYMENT_TARGET = 7.1;
				ONLY_ACTIVE_ARCH = YES;
				SDKROOT = iphoneos;
			};
			name = Debug;
		};
		4262F24A1951B8D000E57E0B /* Release */ = {
			isa = XCBuildConfiguration;
			buildSettings = {
				ALWAYS_SEARCH_USER_PATHS = NO;
				CLANG_CXX_LANGUAGE_STANDARD = "gnu++0x";
				CLANG_CXX_LIBRARY = "libc++";
				CLANG_ENABLE_MODULES = YES;
				CLANG_ENABLE_OBJC_ARC = YES;
				CLANG_WARN_BOOL_CONVERSION = YES;
				CLANG_WARN_CONSTANT_CONVERSION = YES;
				CLANG_WARN_DIRECT_OBJC_ISA_USAGE = YES_ERROR;
				CLANG_WARN_EMPTY_BODY = YES;
				CLANG_WARN_ENUM_CONVERSION = YES;
				CLANG_WARN_INT_CONVERSION = YES;
				CLANG_WARN_OBJC_ROOT_CLASS = YES_ERROR;
				CLANG_WARN__DUPLICATE_METHOD_MATCH = YES;
				"CODE_SIGN_IDENTITY[sdk=iphoneos*]" = "iPhone Developer";
				COPY_PHASE_STRIP = YES;
				ENABLE_NS_ASSERTIONS = NO;
				GCC_C_LANGUAGE_STANDARD = gnu99;
				GCC_WARN_64_TO_32_BIT_CONVERSION = YES;
				GCC_WARN_ABOUT_RETURN_TYPE = YES_ERROR;
				GCC_WARN_UNDECLARED_SELECTOR = YES;
				GCC_WARN_UNINITIALIZED_AUTOS = YES_AGGRESSIVE;
				GCC_WARN_UNUSED_FUNCTION = YES;
				GCC_WARN_UNUSED_VARIABLE = YES;
				IPHONEOS_DEPLOYMENT_TARGET = 7.1;
				SDKROOT = iphoneos;
				VALIDATE_PRODUCT = YES;
			};
			name = Release;
		};
		4262F24C1951B8D000E57E0B /* Debug */ = {
			isa = XCBuildConfiguration;
			buildSettings = {
				ASSETCATALOG_COMPILER_APPICON_NAME = AppIcon;
				ASSETCATALOG_COMPILER_LAUNCHIMAGE_NAME = LaunchImage;
				GCC_PRECOMPILE_PREFIX_HEADER = YES;
				GCC_PREFIX_HEADER = "JBCoundownLabelSampleProject/JBCoundownLabelSampleProject-Prefix.pch";
				INFOPLIST_FILE = "JBCoundownLabelSampleProject/JBCoundownLabelSampleProject-Info.plist";
				PRODUCT_NAME = "$(TARGET_NAME)";
				WRAPPER_EXTENSION = app;
			};
			name = Debug;
		};
		4262F24D1951B8D000E57E0B /* Release */ = {
			isa = XCBuildConfiguration;
			buildSettings = {
				ASSETCATALOG_COMPILER_APPICON_NAME = AppIcon;
				ASSETCATALOG_COMPILER_LAUNCHIMAGE_NAME = LaunchImage;
				GCC_PRECOMPILE_PREFIX_HEADER = YES;
				GCC_PREFIX_HEADER = "JBCoundownLabelSampleProject/JBCoundownLabelSampleProject-Prefix.pch";
				INFOPLIST_FILE = "JBCoundownLabelSampleProject/JBCoundownLabelSampleProject-Info.plist";
				PRODUCT_NAME = "$(TARGET_NAME)";
				WRAPPER_EXTENSION = app;
			};
			name = Release;
		};
		4262F24F1951B8D000E57E0B /* Debug */ = {
			isa = XCBuildConfiguration;
			buildSettings = {
				BUNDLE_LOADER = "$(BUILT_PRODUCTS_DIR)/JBCoundownLabelSampleProject.app/JBCoundownLabelSampleProject";
				FRAMEWORK_SEARCH_PATHS = (
					"$(SDKROOT)/Developer/Library/Frameworks",
					"$(inherited)",
					"$(DEVELOPER_FRAMEWORKS_DIR)",
				);
				GCC_PRECOMPILE_PREFIX_HEADER = YES;
				GCC_PREFIX_HEADER = "JBCoundownLabelSampleProject/JBCoundownLabelSampleProject-Prefix.pch";
				GCC_PREPROCESSOR_DEFINITIONS = (
					"DEBUG=1",
					"$(inherited)",
				);
				INFOPLIST_FILE = "JBCoundownLabelSampleProjectTests/JBCoundownLabelSampleProjectTests-Info.plist";
				PRODUCT_NAME = "$(TARGET_NAME)";
				TEST_HOST = "$(BUNDLE_LOADER)";
				WRAPPER_EXTENSION = xctest;
			};
			name = Debug;
		};
		4262F2501951B8D000E57E0B /* Release */ = {
			isa = XCBuildConfiguration;
			buildSettings = {
				BUNDLE_LOADER = "$(BUILT_PRODUCTS_DIR)/JBCoundownLabelSampleProject.app/JBCoundownLabelSampleProject";
				FRAMEWORK_SEARCH_PATHS = (
					"$(SDKROOT)/Developer/Library/Frameworks",
					"$(inherited)",
					"$(DEVELOPER_FRAMEWORKS_DIR)",
				);
				GCC_PRECOMPILE_PREFIX_HEADER = YES;
				GCC_PREFIX_HEADER = "JBCoundownLabelSampleProject/JBCoundownLabelSampleProject-Prefix.pch";
				INFOPLIST_FILE = "JBCoundownLabelSampleProjectTests/JBCoundownLabelSampleProjectTests-Info.plist";
				PRODUCT_NAME = "$(TARGET_NAME)";
				TEST_HOST = "$(BUNDLE_LOADER)";
				WRAPPER_EXTENSION = xctest;
			};
			name = Release;
		};
/* End XCBuildConfiguration section */

/* Begin XCConfigurationList section */
		4262F2141951B8D000E57E0B /* Build configuration list for PBXProject "JBCoundownLabelSampleProject" */ = {
			isa = XCConfigurationList;
			buildConfigurations = (
				4262F2491951B8D000E57E0B /* Debug */,
				4262F24A1951B8D000E57E0B /* Release */,
			);
			defaultConfigurationIsVisible = 0;
			defaultConfigurationName = Release;
		};
		4262F24B1951B8D000E57E0B /* Build configuration list for PBXNativeTarget "JBCoundownLabelSampleProject" */ = {
			isa = XCConfigurationList;
			buildConfigurations = (
				4262F24C1951B8D000E57E0B /* Debug */,
				4262F24D1951B8D000E57E0B /* Release */,
			);
			defaultConfigurationIsVisible = 0;
		};
		4262F24E1951B8D000E57E0B /* Build configuration list for PBXNativeTarget "JBCoundownLabelSampleProjectTests" */ = {
			isa = XCConfigurationList;
			buildConfigurations = (
				4262F24F1951B8D000E57E0B /* Debug */,
				4262F2501951B8D000E57E0B /* Release */,
			);
			defaultConfigurationIsVisible = 0;
		};
/* End XCConfigurationList section */
	};
	rootObject = 4262F2111951B8D000E57E0B /* Project object */;
}
